// !$*UTF8*$!
{
	archiveVersion = 1;
	classes = {
	};
	objectVersion = 51;
	objects = {

/* Begin PBXBuildFile section */
		1273C51FD8FA36F973239EFA /* Pods_MyNewsApp.framework in Frameworks */ = {isa = PBXBuildFile; fileRef = 2236AAC1351E0EF824049B4C /* Pods_MyNewsApp.framework */; };
		20F95F9DCE03C1854D90C028 /* Pods_MyNewsApp_MyNewsAppUITests.framework in Frameworks */ = {isa = PBXBuildFile; fileRef = DF6F94BBD20641B770453870 /* Pods_MyNewsApp_MyNewsAppUITests.framework */; };
		6950A1D32596A61FFE0750E6 /* Pods_MyNewsAppTests.framework in Frameworks */ = {isa = PBXBuildFile; fileRef = AFD27590F15ABECD11F3DC7B /* Pods_MyNewsAppTests.framework */; };
		890A8D0C247E579600E434B1 /* AppDelegate.swift in Sources */ = {isa = PBXBuildFile; fileRef = 890A8D0B247E579600E434B1 /* AppDelegate.swift */; };
		890A8D0E247E579600E434B1 /* SceneDelegate.swift in Sources */ = {isa = PBXBuildFile; fileRef = 890A8D0D247E579600E434B1 /* SceneDelegate.swift */; };
		890A8D10247E579600E434B1 /* ViewController.swift in Sources */ = {isa = PBXBuildFile; fileRef = 890A8D0F247E579600E434B1 /* ViewController.swift */; };
		890A8D13247E579600E434B1 /* Main.storyboard in Resources */ = {isa = PBXBuildFile; fileRef = 890A8D11247E579600E434B1 /* Main.storyboard */; };
		890A8D15247E579800E434B1 /* Assets.xcassets in Resources */ = {isa = PBXBuildFile; fileRef = 890A8D14247E579800E434B1 /* Assets.xcassets */; };
		890A8D18247E579800E434B1 /* LaunchScreen.storyboard in Resources */ = {isa = PBXBuildFile; fileRef = 890A8D16247E579800E434B1 /* LaunchScreen.storyboard */; };
		890A8D23247E579800E434B1 /* MyNewsAppTests.swift in Sources */ = {isa = PBXBuildFile; fileRef = 890A8D22247E579800E434B1 /* MyNewsAppTests.swift */; };
		890A8D2E247E579800E434B1 /* MyNewsAppUITests.swift in Sources */ = {isa = PBXBuildFile; fileRef = 890A8D2D247E579800E434B1 /* MyNewsAppUITests.swift */; };
		89B4BFBB248B6228005EA5DD /* BaseViewController.swift in Sources */ = {isa = PBXBuildFile; fileRef = 89B4BFBA248B6228005EA5DD /* BaseViewController.swift */; };
		89B4BFBD248B6854005EA5DD /* Page1ViewController.swift in Sources */ = {isa = PBXBuildFile; fileRef = 89B4BFBC248B6854005EA5DD /* Page1ViewController.swift */; };
		89B4BFBF248B6869005EA5DD /* Page2ViewController.swift in Sources */ = {isa = PBXBuildFile; fileRef = 89B4BFBE248B6869005EA5DD /* Page2ViewController.swift */; };
		89B4BFC1248B6882005EA5DD /* Page3ViewController.swift in Sources */ = {isa = PBXBuildFile; fileRef = 89B4BFC0248B6882005EA5DD /* Page3ViewController.swift */; };
		89B4BFC3248B6890005EA5DD /* Page4ViewController.swift in Sources */ = {isa = PBXBuildFile; fileRef = 89B4BFC2248B6890005EA5DD /* Page4ViewController.swift */; };
		89B4BFC5248B68A2005EA5DD /* Page5ViewController.swift in Sources */ = {isa = PBXBuildFile; fileRef = 89B4BFC4248B68A2005EA5DD /* Page5ViewController.swift */; };
		89B4BFC7248B7247005EA5DD /* NewsItems.swift in Sources */ = {isa = PBXBuildFile; fileRef = 89B4BFC6248B7247005EA5DD /* NewsItems.swift */; };
		89B4BFC9248B8257005EA5DD /* WebViewController.swift in Sources */ = {isa = PBXBuildFile; fileRef = 89B4BFC8248B8257005EA5DD /* WebViewController.swift */; };
		89DA4E24248B57D3008B4535 /* 4.json in Resources */ = {isa = PBXBuildFile; fileRef = 89DA4E23248B57D3008B4535 /* 4.json */; };
/* End PBXBuildFile section */

/* Begin PBXContainerItemProxy section */
		890A8D1F247E579800E434B1 /* PBXContainerItemProxy */ = {
			isa = PBXContainerItemProxy;
			containerPortal = 890A8D00247E579500E434B1 /* Project object */;
			proxyType = 1;
			remoteGlobalIDString = 890A8D07247E579500E434B1;
			remoteInfo = MyNewsApp;
		};
		890A8D2A247E579800E434B1 /* PBXContainerItemProxy */ = {
			isa = PBXContainerItemProxy;
			containerPortal = 890A8D00247E579500E434B1 /* Project object */;
			proxyType = 1;
			remoteGlobalIDString = 890A8D07247E579500E434B1;
			remoteInfo = MyNewsApp;
		};
/* End PBXContainerItemProxy section */

/* Begin PBXFileReference section */
		10D67D7C406791F54512CCA3 /* Pods-MyNewsApp-MyNewsAppUITests.release.xcconfig */ = {isa = PBXFileReference; includeInIndex = 1; lastKnownFileType = text.xcconfig; name = "Pods-MyNewsApp-MyNewsAppUITests.release.xcconfig"; path = "Target Support Files/Pods-MyNewsApp-MyNewsAppUITests/Pods-MyNewsApp-MyNewsAppUITests.release.xcconfig"; sourceTree = "<group>"; };
		2236AAC1351E0EF824049B4C /* Pods_MyNewsApp.framework */ = {isa = PBXFileReference; explicitFileType = wrapper.framework; includeInIndex = 0; path = Pods_MyNewsApp.framework; sourceTree = BUILT_PRODUCTS_DIR; };
		497F5814AD0600D72AB0599E /* Pods-MyNewsApp-MyNewsAppUITests.debug.xcconfig */ = {isa = PBXFileReference; includeInIndex = 1; lastKnownFileType = text.xcconfig; name = "Pods-MyNewsApp-MyNewsAppUITests.debug.xcconfig"; path = "Target Support Files/Pods-MyNewsApp-MyNewsAppUITests/Pods-MyNewsApp-MyNewsAppUITests.debug.xcconfig"; sourceTree = "<group>"; };
		7E022F3B01933B7C2091A061 /* Pods-MyNewsApp.release.xcconfig */ = {isa = PBXFileReference; includeInIndex = 1; lastKnownFileType = text.xcconfig; name = "Pods-MyNewsApp.release.xcconfig"; path = "Target Support Files/Pods-MyNewsApp/Pods-MyNewsApp.release.xcconfig"; sourceTree = "<group>"; };
		890A8D08247E579500E434B1 /* MyNewsApp.app */ = {isa = PBXFileReference; explicitFileType = wrapper.application; includeInIndex = 0; path = MyNewsApp.app; sourceTree = BUILT_PRODUCTS_DIR; };
		890A8D0B247E579600E434B1 /* AppDelegate.swift */ = {isa = PBXFileReference; lastKnownFileType = sourcecode.swift; path = AppDelegate.swift; sourceTree = "<group>"; };
		890A8D0D247E579600E434B1 /* SceneDelegate.swift */ = {isa = PBXFileReference; lastKnownFileType = sourcecode.swift; path = SceneDelegate.swift; sourceTree = "<group>"; };
		890A8D0F247E579600E434B1 /* ViewController.swift */ = {isa = PBXFileReference; lastKnownFileType = sourcecode.swift; path = ViewController.swift; sourceTree = "<group>"; };
		890A8D12247E579600E434B1 /* Base */ = {isa = PBXFileReference; lastKnownFileType = file.storyboard; name = Base; path = Base.lproj/Main.storyboard; sourceTree = "<group>"; };
		890A8D14247E579800E434B1 /* Assets.xcassets */ = {isa = PBXFileReference; lastKnownFileType = folder.assetcatalog; path = Assets.xcassets; sourceTree = "<group>"; };
		890A8D17247E579800E434B1 /* Base */ = {isa = PBXFileReference; lastKnownFileType = file.storyboard; name = Base; path = Base.lproj/LaunchScreen.storyboard; sourceTree = "<group>"; };
		890A8D19247E579800E434B1 /* Info.plist */ = {isa = PBXFileReference; lastKnownFileType = text.plist.xml; path = Info.plist; sourceTree = "<group>"; };
		890A8D1E247E579800E434B1 /* MyNewsAppTests.xctest */ = {isa = PBXFileReference; explicitFileType = wrapper.cfbundle; includeInIndex = 0; path = MyNewsAppTests.xctest; sourceTree = BUILT_PRODUCTS_DIR; };
		890A8D22247E579800E434B1 /* MyNewsAppTests.swift */ = {isa = PBXFileReference; lastKnownFileType = sourcecode.swift; path = MyNewsAppTests.swift; sourceTree = "<group>"; };
		890A8D24247E579800E434B1 /* Info.plist */ = {isa = PBXFileReference; lastKnownFileType = text.plist.xml; path = Info.plist; sourceTree = "<group>"; };
		890A8D29247E579800E434B1 /* MyNewsAppUITests.xctest */ = {isa = PBXFileReference; explicitFileType = wrapper.cfbundle; includeInIndex = 0; path = MyNewsAppUITests.xctest; sourceTree = BUILT_PRODUCTS_DIR; };
		890A8D2D247E579800E434B1 /* MyNewsAppUITests.swift */ = {isa = PBXFileReference; lastKnownFileType = sourcecode.swift; path = MyNewsAppUITests.swift; sourceTree = "<group>"; };
		890A8D2F247E579800E434B1 /* Info.plist */ = {isa = PBXFileReference; lastKnownFileType = text.plist.xml; path = Info.plist; sourceTree = "<group>"; };
		89B4BFBA248B6228005EA5DD /* BaseViewController.swift */ = {isa = PBXFileReference; lastKnownFileType = sourcecode.swift; path = BaseViewController.swift; sourceTree = "<group>"; };
		89B4BFBC248B6854005EA5DD /* Page1ViewController.swift */ = {isa = PBXFileReference; lastKnownFileType = sourcecode.swift; path = Page1ViewController.swift; sourceTree = "<group>"; };
		89B4BFBE248B6869005EA5DD /* Page2ViewController.swift */ = {isa = PBXFileReference; lastKnownFileType = sourcecode.swift; path = Page2ViewController.swift; sourceTree = "<group>"; };
		89B4BFC0248B6882005EA5DD /* Page3ViewController.swift */ = {isa = PBXFileReference; lastKnownFileType = sourcecode.swift; path = Page3ViewController.swift; sourceTree = "<group>"; };
		89B4BFC2248B6890005EA5DD /* Page4ViewController.swift */ = {isa = PBXFileReference; lastKnownFileType = sourcecode.swift; path = Page4ViewController.swift; sourceTree = "<group>"; };
		89B4BFC4248B68A2005EA5DD /* Page5ViewController.swift */ = {isa = PBXFileReference; lastKnownFileType = sourcecode.swift; path = Page5ViewController.swift; sourceTree = "<group>"; };
		89B4BFC6248B7247005EA5DD /* NewsItems.swift */ = {isa = PBXFileReference; lastKnownFileType = sourcecode.swift; path = NewsItems.swift; sourceTree = "<group>"; };
		89B4BFC8248B8257005EA5DD /* WebViewController.swift */ = {isa = PBXFileReference; lastKnownFileType = sourcecode.swift; path = WebViewController.swift; sourceTree = "<group>"; };
		89DA4E23248B57D3008B4535 /* 4.json */ = {isa = PBXFileReference; fileEncoding = 4; lastKnownFileType = text.json; path = 4.json; sourceTree = "<group>"; };
		AFD27590F15ABECD11F3DC7B /* Pods_MyNewsAppTests.framework */ = {isa = PBXFileReference; explicitFileType = wrapper.framework; includeInIndex = 0; path = Pods_MyNewsAppTests.framework; sourceTree = BUILT_PRODUCTS_DIR; };
		DF6F94BBD20641B770453870 /* Pods_MyNewsApp_MyNewsAppUITests.framework */ = {isa = PBXFileReference; explicitFileType = wrapper.framework; includeInIndex = 0; path = Pods_MyNewsApp_MyNewsAppUITests.framework; sourceTree = BUILT_PRODUCTS_DIR; };
		FA5E0FC8D593610B156D7593 /* Pods-MyNewsAppTests.release.xcconfig */ = {isa = PBXFileReference; includeInIndex = 1; lastKnownFileType = text.xcconfig; name = "Pods-MyNewsAppTests.release.xcconfig"; path = "Target Support Files/Pods-MyNewsAppTests/Pods-MyNewsAppTests.release.xcconfig"; sourceTree = "<group>"; };
		FB23503369DD8ED0E229F986 /* Pods-MyNewsApp.debug.xcconfig */ = {isa = PBXFileReference; includeInIndex = 1; lastKnownFileType = text.xcconfig; name = "Pods-MyNewsApp.debug.xcconfig"; path = "Target Support Files/Pods-MyNewsApp/Pods-MyNewsApp.debug.xcconfig"; sourceTree = "<group>"; };
		FC18791333EBA516E8F0161E /* Pods-MyNewsAppTests.debug.xcconfig */ = {isa = PBXFileReference; includeInIndex = 1; lastKnownFileType = text.xcconfig; name = "Pods-MyNewsAppTests.debug.xcconfig"; path = "Target Support Files/Pods-MyNewsAppTests/Pods-MyNewsAppTests.debug.xcconfig"; sourceTree = "<group>"; };
/* End PBXFileReference section */

/* Begin PBXFrameworksBuildPhase section */
		890A8D05247E579500E434B1 /* Frameworks */ = {
			isa = PBXFrameworksBuildPhase;
			buildActionMask = 2147483647;
			files = (
				1273C51FD8FA36F973239EFA /* Pods_MyNewsApp.framework in Frameworks */,
			);
			runOnlyForDeploymentPostprocessing = 0;
		};
		890A8D1B247E579800E434B1 /* Frameworks */ = {
			isa = PBXFrameworksBuildPhase;
			buildActionMask = 2147483647;
			files = (
				6950A1D32596A61FFE0750E6 /* Pods_MyNewsAppTests.framework in Frameworks */,
			);
			runOnlyForDeploymentPostprocessing = 0;
		};
		890A8D26247E579800E434B1 /* Frameworks */ = {
			isa = PBXFrameworksBuildPhase;
			buildActionMask = 2147483647;
			files = (
				20F95F9DCE03C1854D90C028 /* Pods_MyNewsApp_MyNewsAppUITests.framework in Frameworks */,
			);
			runOnlyForDeploymentPostprocessing = 0;
		};
/* End PBXFrameworksBuildPhase section */

/* Begin PBXGroup section */
		890A8CFF247E579500E434B1 = {
			isa = PBXGroup;
			children = (
				890A8D0A247E579500E434B1 /* MyNewsApp */,
				890A8D21247E579800E434B1 /* MyNewsAppTests */,
				890A8D2C247E579800E434B1 /* MyNewsAppUITests */,
				890A8D09247E579500E434B1 /* Products */,
				D5C85BA8D6AF38284DDD2158 /* Pods */,
				97C6DA028A78E833FF44D1D8 /* Frameworks */,
			);
			sourceTree = "<group>";
		};
		890A8D09247E579500E434B1 /* Products */ = {
			isa = PBXGroup;
			children = (
				890A8D08247E579500E434B1 /* MyNewsApp.app */,
				890A8D1E247E579800E434B1 /* MyNewsAppTests.xctest */,
				890A8D29247E579800E434B1 /* MyNewsAppUITests.xctest */,
			);
			name = Products;
			sourceTree = "<group>";
		};
		890A8D0A247E579500E434B1 /* MyNewsApp */ = {
			isa = PBXGroup;
			children = (
				890A8D79247E5C7600E434B1 /* Model */,
				890A8D78247E5C7000E434B1 /* View */,
				890A8D77247E5C5700E434B1 /* Controller */,
				890A8D19247E579800E434B1 /* Info.plist */,
				89DA4E23248B57D3008B4535 /* 4.json */,
			);
			path = MyNewsApp;
			sourceTree = "<group>";
		};
		890A8D21247E579800E434B1 /* MyNewsAppTests */ = {
			isa = PBXGroup;
			children = (
				890A8D22247E579800E434B1 /* MyNewsAppTests.swift */,
				890A8D24247E579800E434B1 /* Info.plist */,
			);
			path = MyNewsAppTests;
			sourceTree = "<group>";
		};
		890A8D2C247E579800E434B1 /* MyNewsAppUITests */ = {
			isa = PBXGroup;
			children = (
				890A8D2D247E579800E434B1 /* MyNewsAppUITests.swift */,
				890A8D2F247E579800E434B1 /* Info.plist */,
			);
			path = MyNewsAppUITests;
			sourceTree = "<group>";
		};
		890A8D77247E5C5700E434B1 /* Controller */ = {
			isa = PBXGroup;
			children = (
				890A8D0B247E579600E434B1 /* AppDelegate.swift */,
				890A8D0D247E579600E434B1 /* SceneDelegate.swift */,
				890A8D0F247E579600E434B1 /* ViewController.swift */,
				89B4BFBA248B6228005EA5DD /* BaseViewController.swift */,
				89B4BFBC248B6854005EA5DD /* Page1ViewController.swift */,
				89B4BFBE248B6869005EA5DD /* Page2ViewController.swift */,
				89B4BFC0248B6882005EA5DD /* Page3ViewController.swift */,
				89B4BFC2248B6890005EA5DD /* Page4ViewController.swift */,
				89B4BFC4248B68A2005EA5DD /* Page5ViewController.swift */,
				89B4BFC8248B8257005EA5DD /* WebViewController.swift */,
			);
			path = Controller;
			sourceTree = "<group>";
		};
		890A8D78247E5C7000E434B1 /* View */ = {
			isa = PBXGroup;
			children = (
				890A8D11247E579600E434B1 /* Main.storyboard */,
				890A8D14247E579800E434B1 /* Assets.xcassets */,
				890A8D16247E579800E434B1 /* LaunchScreen.storyboard */,
			);
			path = View;
			sourceTree = "<group>";
		};
		890A8D79247E5C7600E434B1 /* Model */ = {
			isa = PBXGroup;
			children = (
				89B4BFC6248B7247005EA5DD /* NewsItems.swift */,
			);
			path = Model;
			sourceTree = "<group>";
		};
		97C6DA028A78E833FF44D1D8 /* Frameworks */ = {
			isa = PBXGroup;
			children = (
				2236AAC1351E0EF824049B4C /* Pods_MyNewsApp.framework */,
				DF6F94BBD20641B770453870 /* Pods_MyNewsApp_MyNewsAppUITests.framework */,
				AFD27590F15ABECD11F3DC7B /* Pods_MyNewsAppTests.framework */,
			);
			name = Frameworks;
			sourceTree = "<group>";
		};
		D5C85BA8D6AF38284DDD2158 /* Pods */ = {
			isa = PBXGroup;
			children = (
				FB23503369DD8ED0E229F986 /* Pods-MyNewsApp.debug.xcconfig */,
				7E022F3B01933B7C2091A061 /* Pods-MyNewsApp.release.xcconfig */,
				497F5814AD0600D72AB0599E /* Pods-MyNewsApp-MyNewsAppUITests.debug.xcconfig */,
				10D67D7C406791F54512CCA3 /* Pods-MyNewsApp-MyNewsAppUITests.release.xcconfig */,
				FC18791333EBA516E8F0161E /* Pods-MyNewsAppTests.debug.xcconfig */,
				FA5E0FC8D593610B156D7593 /* Pods-MyNewsAppTests.release.xcconfig */,
			);
			path = Pods;
			sourceTree = "<group>";
		};
/* End PBXGroup section */

/* Begin PBXNativeTarget section */
		890A8D07247E579500E434B1 /* MyNewsApp */ = {
			isa = PBXNativeTarget;
			buildConfigurationList = 890A8D32247E579800E434B1 /* Build configuration list for PBXNativeTarget "MyNewsApp" */;
			buildPhases = (
				9FDBCA833F52872CD3AE912F /* [CP] Check Pods Manifest.lock */,
				890A8D04247E579500E434B1 /* Sources */,
				890A8D05247E579500E434B1 /* Frameworks */,
				890A8D06247E579500E434B1 /* Resources */,
				A7A1BC84FE6D0CB0E7200EBF /* [CP] Embed Pods Frameworks */,
			);
			buildRules = (
			);
			dependencies = (
			);
			name = MyNewsApp;
			productName = MyNewsApp;
			productReference = 890A8D08247E579500E434B1 /* MyNewsApp.app */;
			productType = "com.apple.product-type.application";
		};
		890A8D1D247E579800E434B1 /* MyNewsAppTests */ = {
			isa = PBXNativeTarget;
			buildConfigurationList = 890A8D35247E579800E434B1 /* Build configuration list for PBXNativeTarget "MyNewsAppTests" */;
			buildPhases = (
				9DB4AA0659FA775C6986ACE8 /* [CP] Check Pods Manifest.lock */,
				890A8D1A247E579800E434B1 /* Sources */,
				890A8D1B247E579800E434B1 /* Frameworks */,
				890A8D1C247E579800E434B1 /* Resources */,
			);
			buildRules = (
			);
			dependencies = (
				890A8D20247E579800E434B1 /* PBXTargetDependency */,
			);
			name = MyNewsAppTests;
			productName = MyNewsAppTests;
			productReference = 890A8D1E247E579800E434B1 /* MyNewsAppTests.xctest */;
			productType = "com.apple.product-type.bundle.unit-test";
		};
		890A8D28247E579800E434B1 /* MyNewsAppUITests */ = {
			isa = PBXNativeTarget;
			buildConfigurationList = 890A8D38247E579800E434B1 /* Build configuration list for PBXNativeTarget "MyNewsAppUITests" */;
			buildPhases = (
				367513A19495EAC6EF1B6819 /* [CP] Check Pods Manifest.lock */,
				890A8D25247E579800E434B1 /* Sources */,
				890A8D26247E579800E434B1 /* Frameworks */,
				890A8D27247E579800E434B1 /* Resources */,
				10D61BA93EBF46DD502455D2 /* [CP] Embed Pods Frameworks */,
			);
			buildRules = (
			);
			dependencies = (
				890A8D2B247E579800E434B1 /* PBXTargetDependency */,
			);
			name = MyNewsAppUITests;
			productName = MyNewsAppUITests;
			productReference = 890A8D29247E579800E434B1 /* MyNewsAppUITests.xctest */;
			productType = "com.apple.product-type.bundle.ui-testing";
		};
/* End PBXNativeTarget section */

/* Begin PBXProject section */
		890A8D00247E579500E434B1 /* Project object */ = {
			isa = PBXProject;
			attributes = {
				LastSwiftUpdateCheck = 1150;
				LastUpgradeCheck = 1150;
				ORGANIZATIONNAME = "Ryo Yano";
				TargetAttributes = {
					890A8D07247E579500E434B1 = {
						CreatedOnToolsVersion = 11.5;
					};
					890A8D1D247E579800E434B1 = {
						CreatedOnToolsVersion = 11.5;
						TestTargetID = 890A8D07247E579500E434B1;
					};
					890A8D28247E579800E434B1 = {
						CreatedOnToolsVersion = 11.5;
						TestTargetID = 890A8D07247E579500E434B1;
					};
				};
			};
			buildConfigurationList = 890A8D03247E579500E434B1 /* Build configuration list for PBXProject "MyNewsApp" */;
			compatibilityVersion = "Xcode 9.3";
			developmentRegion = en;
			hasScannedForEncodings = 0;
			knownRegions = (
				en,
				Base,
			);
			mainGroup = 890A8CFF247E579500E434B1;
			productRefGroup = 890A8D09247E579500E434B1 /* Products */;
			projectDirPath = "";
			projectRoot = "";
			targets = (
				890A8D07247E579500E434B1 /* MyNewsApp */,
				890A8D1D247E579800E434B1 /* MyNewsAppTests */,
				890A8D28247E579800E434B1 /* MyNewsAppUITests */,
			);
		};
/* End PBXProject section */

/* Begin PBXResourcesBuildPhase section */
		890A8D06247E579500E434B1 /* Resources */ = {
			isa = PBXResourcesBuildPhase;
			buildActionMask = 2147483647;
			files = (
				890A8D18247E579800E434B1 /* LaunchScreen.storyboard in Resources */,
				890A8D15247E579800E434B1 /* Assets.xcassets in Resources */,
				89DA4E24248B57D3008B4535 /* 4.json in Resources */,
				890A8D13247E579600E434B1 /* Main.storyboard in Resources */,
			);
			runOnlyForDeploymentPostprocessing = 0;
		};
		890A8D1C247E579800E434B1 /* Resources */ = {
			isa = PBXResourcesBuildPhase;
			buildActionMask = 2147483647;
			files = (
			);
			runOnlyForDeploymentPostprocessing = 0;
		};
		890A8D27247E579800E434B1 /* Resources */ = {
			isa = PBXResourcesBuildPhase;
			buildActionMask = 2147483647;
			files = (
			);
			runOnlyForDeploymentPostprocessing = 0;
		};
/* End PBXResourcesBuildPhase section */

/* Begin PBXShellScriptBuildPhase section */
		10D61BA93EBF46DD502455D2 /* [CP] Embed Pods Frameworks */ = {
			isa = PBXShellScriptBuildPhase;
			buildActionMask = 2147483647;
			files = (
			);
			inputFileListPaths = (
				"${PODS_ROOT}/Target Support Files/Pods-MyNewsApp-MyNewsAppUITests/Pods-MyNewsApp-MyNewsAppUITests-frameworks-${CONFIGURATION}-input-files.xcfilelist",
			);
			name = "[CP] Embed Pods Frameworks";
			outputFileListPaths = (
				"${PODS_ROOT}/Target Support Files/Pods-MyNewsApp-MyNewsAppUITests/Pods-MyNewsApp-MyNewsAppUITests-frameworks-${CONFIGURATION}-output-files.xcfilelist",
			);
			runOnlyForDeploymentPostprocessing = 0;
			shellPath = /bin/sh;
			shellScript = "\"${PODS_ROOT}/Target Support Files/Pods-MyNewsApp-MyNewsAppUITests/Pods-MyNewsApp-MyNewsAppUITests-frameworks.sh\"\n";
			showEnvVarsInLog = 0;
		};
		367513A19495EAC6EF1B6819 /* [CP] Check Pods Manifest.lock */ = {
			isa = PBXShellScriptBuildPhase;
			buildActionMask = 2147483647;
			files = (
			);
			inputFileListPaths = (
			);
			inputPaths = (
				"${PODS_PODFILE_DIR_PATH}/Podfile.lock",
				"${PODS_ROOT}/Manifest.lock",
			);
			name = "[CP] Check Pods Manifest.lock";
			outputFileListPaths = (
			);
			outputPaths = (
				"$(DERIVED_FILE_DIR)/Pods-MyNewsApp-MyNewsAppUITests-checkManifestLockResult.txt",
			);
			runOnlyForDeploymentPostprocessing = 0;
			shellPath = /bin/sh;
			shellScript = "diff \"${PODS_PODFILE_DIR_PATH}/Podfile.lock\" \"${PODS_ROOT}/Manifest.lock\" > /dev/null\nif [ $? != 0 ] ; then\n    # print error to STDERR\n    echo \"error: The sandbox is not in sync with the Podfile.lock. Run 'pod install' or update your CocoaPods installation.\" >&2\n    exit 1\nfi\n# This output is used by Xcode 'outputs' to avoid re-running this script phase.\necho \"SUCCESS\" > \"${SCRIPT_OUTPUT_FILE_0}\"\n";
			showEnvVarsInLog = 0;
		};
		9DB4AA0659FA775C6986ACE8 /* [CP] Check Pods Manifest.lock */ = {
			isa = PBXShellScriptBuildPhase;
			buildActionMask = 2147483647;
			files = (
			);
			inputFileListPaths = (
			);
			inputPaths = (
				"${PODS_PODFILE_DIR_PATH}/Podfile.lock",
				"${PODS_ROOT}/Manifest.lock",
			);
			name = "[CP] Check Pods Manifest.lock";
			outputFileListPaths = (
			);
			outputPaths = (
				"$(DERIVED_FILE_DIR)/Pods-MyNewsAppTests-checkManifestLockResult.txt",
			);
			runOnlyForDeploymentPostprocessing = 0;
			shellPath = /bin/sh;
			shellScript = "diff \"${PODS_PODFILE_DIR_PATH}/Podfile.lock\" \"${PODS_ROOT}/Manifest.lock\" > /dev/null\nif [ $? != 0 ] ; then\n    # print error to STDERR\n    echo \"error: The sandbox is not in sync with the Podfile.lock. Run 'pod install' or update your CocoaPods installation.\" >&2\n    exit 1\nfi\n# This output is used by Xcode 'outputs' to avoid re-running this script phase.\necho \"SUCCESS\" > \"${SCRIPT_OUTPUT_FILE_0}\"\n";
			showEnvVarsInLog = 0;
		};
		9FDBCA833F52872CD3AE912F /* [CP] Check Pods Manifest.lock */ = {
			isa = PBXShellScriptBuildPhase;
			buildActionMask = 2147483647;
			files = (
			);
			inputFileListPaths = (
			);
			inputPaths = (
				"${PODS_PODFILE_DIR_PATH}/Podfile.lock",
				"${PODS_ROOT}/Manifest.lock",
			);
			name = "[CP] Check Pods Manifest.lock";
			outputFileListPaths = (
			);
			outputPaths = (
				"$(DERIVED_FILE_DIR)/Pods-MyNewsApp-checkManifestLockResult.txt",
			);
			runOnlyForDeploymentPostprocessing = 0;
			shellPath = /bin/sh;
			shellScript = "diff \"${PODS_PODFILE_DIR_PATH}/Podfile.lock\" \"${PODS_ROOT}/Manifest.lock\" > /dev/null\nif [ $? != 0 ] ; then\n    # print error to STDERR\n    echo \"error: The sandbox is not in sync with the Podfile.lock. Run 'pod install' or update your CocoaPods installation.\" >&2\n    exit 1\nfi\n# This output is used by Xcode 'outputs' to avoid re-running this script phase.\necho \"SUCCESS\" > \"${SCRIPT_OUTPUT_FILE_0}\"\n";
			showEnvVarsInLog = 0;
		};
		A7A1BC84FE6D0CB0E7200EBF /* [CP] Embed Pods Frameworks */ = {
			isa = PBXShellScriptBuildPhase;
			buildActionMask = 2147483647;
			files = (
			);
			inputFileListPaths = (
				"${PODS_ROOT}/Target Support Files/Pods-MyNewsApp/Pods-MyNewsApp-frameworks-${CONFIGURATION}-input-files.xcfilelist",
			);
			name = "[CP] Embed Pods Frameworks";
			outputFileListPaths = (
				"${PODS_ROOT}/Target Support Files/Pods-MyNewsApp/Pods-MyNewsApp-frameworks-${CONFIGURATION}-output-files.xcfilelist",
			);
			runOnlyForDeploymentPostprocessing = 0;
			shellPath = /bin/sh;
			shellScript = "\"${PODS_ROOT}/Target Support Files/Pods-MyNewsApp/Pods-MyNewsApp-frameworks.sh\"\n";
			showEnvVarsInLog = 0;
		};
/* End PBXShellScriptBuildPhase section */

/* Begin PBXSourcesBuildPhase section */
		890A8D04247E579500E434B1 /* Sources */ = {
			isa = PBXSourcesBuildPhase;
			buildActionMask = 2147483647;
			files = (
				890A8D10247E579600E434B1 /* ViewController.swift in Sources */,
				89B4BFC9248B8257005EA5DD /* WebViewController.swift in Sources */,
				89B4BFBD248B6854005EA5DD /* Page1ViewController.swift in Sources */,
				89B4BFC5248B68A2005EA5DD /* Page5ViewController.swift in Sources */,
				89B4BFBB248B6228005EA5DD /* BaseViewController.swift in Sources */,
				890A8D0C247E579600E434B1 /* AppDelegate.swift in Sources */,
				89B4BFC3248B6890005EA5DD /* Page4ViewController.swift in Sources */,
				89B4BFBF248B6869005EA5DD /* Page2ViewController.swift in Sources */,
				890A8D0E247E579600E434B1 /* SceneDelegate.swift in Sources */,
				89B4BFC1248B6882005EA5DD /* Page3ViewController.swift in Sources */,
				89B4BFC7248B7247005EA5DD /* NewsItems.swift in Sources */,
			);
			runOnlyForDeploymentPostprocessing = 0;
		};
		890A8D1A247E579800E434B1 /* Sources */ = {
			isa = PBXSourcesBuildPhase;
			buildActionMask = 2147483647;
			files = (
				890A8D23247E579800E434B1 /* MyNewsAppTests.swift in Sources */,
			);
			runOnlyForDeploymentPostprocessing = 0;
		};
		890A8D25247E579800E434B1 /* Sources */ = {
			isa = PBXSourcesBuildPhase;
			buildActionMask = 2147483647;
			files = (
				890A8D2E247E579800E434B1 /* MyNewsAppUITests.swift in Sources */,
			);
			runOnlyForDeploymentPostprocessing = 0;
		};
/* End PBXSourcesBuildPhase section */

/* Begin PBXTargetDependency section */
		890A8D20247E579800E434B1 /* PBXTargetDependency */ = {
			isa = PBXTargetDependency;
			target = 890A8D07247E579500E434B1 /* MyNewsApp */;
			targetProxy = 890A8D1F247E579800E434B1 /* PBXContainerItemProxy */;
		};
		890A8D2B247E579800E434B1 /* PBXTargetDependency */ = {
			isa = PBXTargetDependency;
			target = 890A8D07247E579500E434B1 /* MyNewsApp */;
			targetProxy = 890A8D2A247E579800E434B1 /* PBXContainerItemProxy */;
		};
/* End PBXTargetDependency section */

/* Begin PBXVariantGroup section */
		890A8D11247E579600E434B1 /* Main.storyboard */ = {
			isa = PBXVariantGroup;
			children = (
				890A8D12247E579600E434B1 /* Base */,
			);
			name = Main.storyboard;
			sourceTree = "<group>";
		};
		890A8D16247E579800E434B1 /* LaunchScreen.storyboard */ = {
			isa = PBXVariantGroup;
			children = (
				890A8D17247E579800E434B1 /* Base */,
			);
			name = LaunchScreen.storyboard;
			sourceTree = "<group>";
		};
/* End PBXVariantGroup section */

/* Begin XCBuildConfiguration section */
		890A8D30247E579800E434B1 /* Debug */ = {
			isa = XCBuildConfiguration;
			buildSettings = {
				ALWAYS_SEARCH_USER_PATHS = NO;
				CLANG_ANALYZER_NONNULL = YES;
				CLANG_ANALYZER_NUMBER_OBJECT_CONVERSION = YES_AGGRESSIVE;
				CLANG_CXX_LANGUAGE_STANDARD = "gnu++14";
				CLANG_CXX_LIBRARY = "libc++";
				CLANG_ENABLE_MODULES = YES;
				CLANG_ENABLE_OBJC_ARC = YES;
				CLANG_ENABLE_OBJC_WEAK = YES;
				CLANG_WARN_BLOCK_CAPTURE_AUTORELEASING = YES;
				CLANG_WARN_BOOL_CONVERSION = YES;
				CLANG_WARN_COMMA = YES;
				CLANG_WARN_CONSTANT_CONVERSION = YES;
				CLANG_WARN_DEPRECATED_OBJC_IMPLEMENTATIONS = YES;
				CLANG_WARN_DIRECT_OBJC_ISA_USAGE = YES_ERROR;
				CLANG_WARN_DOCUMENTATION_COMMENTS = YES;
				CLANG_WARN_EMPTY_BODY = YES;
				CLANG_WARN_ENUM_CONVERSION = YES;
				CLANG_WARN_INFINITE_RECURSION = YES;
				CLANG_WARN_INT_CONVERSION = YES;
				CLANG_WARN_NON_LITERAL_NULL_CONVERSION = YES;
				CLANG_WARN_OBJC_IMPLICIT_RETAIN_SELF = YES;
				CLANG_WARN_OBJC_LITERAL_CONVERSION = YES;
				CLANG_WARN_OBJC_ROOT_CLASS = YES_ERROR;
				CLANG_WARN_RANGE_LOOP_ANALYSIS = YES;
				CLANG_WARN_STRICT_PROTOTYPES = YES;
				CLANG_WARN_SUSPICIOUS_MOVE = YES;
				CLANG_WARN_UNGUARDED_AVAILABILITY = YES_AGGRESSIVE;
				CLANG_WARN_UNREACHABLE_CODE = YES;
				CLANG_WARN__DUPLICATE_METHOD_MATCH = YES;
				COPY_PHASE_STRIP = NO;
				DEBUG_INFORMATION_FORMAT = dwarf;
				ENABLE_STRICT_OBJC_MSGSEND = YES;
				ENABLE_TESTABILITY = YES;
				GCC_C_LANGUAGE_STANDARD = gnu11;
				GCC_DYNAMIC_NO_PIC = NO;
				GCC_NO_COMMON_BLOCKS = YES;
				GCC_OPTIMIZATION_LEVEL = 0;
				GCC_PREPROCESSOR_DEFINITIONS = (
					"DEBUG=1",
					"$(inherited)",
				);
				GCC_WARN_64_TO_32_BIT_CONVERSION = YES;
				GCC_WARN_ABOUT_RETURN_TYPE = YES_ERROR;
				GCC_WARN_UNDECLARED_SELECTOR = YES;
				GCC_WARN_UNINITIALIZED_AUTOS = YES_AGGRESSIVE;
				GCC_WARN_UNUSED_FUNCTION = YES;
				GCC_WARN_UNUSED_VARIABLE = YES;
				IPHONEOS_DEPLOYMENT_TARGET = 13.5;
				MTL_ENABLE_DEBUG_INFO = INCLUDE_SOURCE;
				MTL_FAST_MATH = YES;
				ONLY_ACTIVE_ARCH = YES;
				SDKROOT = iphoneos;
				SWIFT_ACTIVE_COMPILATION_CONDITIONS = DEBUG;
				SWIFT_OPTIMIZATION_LEVEL = "-Onone";
			};
			name = Debug;
		};
		890A8D31247E579800E434B1 /* Release */ = {
			isa = XCBuildConfiguration;
			buildSettings = {
				ALWAYS_SEARCH_USER_PATHS = NO;
				CLANG_ANALYZER_NONNULL = YES;
				CLANG_ANALYZER_NUMBER_OBJECT_CONVERSION = YES_AGGRESSIVE;
				CLANG_CXX_LANGUAGE_STANDARD = "gnu++14";
				CLANG_CXX_LIBRARY = "libc++";
				CLANG_ENABLE_MODULES = YES;
				CLANG_ENABLE_OBJC_ARC = YES;
				CLANG_ENABLE_OBJC_WEAK = YES;
				CLANG_WARN_BLOCK_CAPTURE_AUTORELEASING = YES;
				CLANG_WARN_BOOL_CONVERSION = YES;
				CLANG_WARN_COMMA = YES;
				CLANG_WARN_CONSTANT_CONVERSION = YES;
				CLANG_WARN_DEPRECATED_OBJC_IMPLEMENTATIONS = YES;
				CLANG_WARN_DIRECT_OBJC_ISA_USAGE = YES_ERROR;
				CLANG_WARN_DOCUMENTATION_COMMENTS = YES;
				CLANG_WARN_EMPTY_BODY = YES;
				CLANG_WARN_ENUM_CONVERSION = YES;
				CLANG_WARN_INFINITE_RECURSION = YES;
				CLANG_WARN_INT_CONVERSION = YES;
				CLANG_WARN_NON_LITERAL_NULL_CONVERSION = YES;
				CLANG_WARN_OBJC_IMPLICIT_RETAIN_SELF = YES;
				CLANG_WARN_OBJC_LITERAL_CONVERSION = YES;
				CLANG_WARN_OBJC_ROOT_CLASS = YES_ERROR;
				CLANG_WARN_RANGE_LOOP_ANALYSIS = YES;
				CLANG_WARN_STRICT_PROTOTYPES = YES;
				CLANG_WARN_SUSPICIOUS_MOVE = YES;
				CLANG_WARN_UNGUARDED_AVAILABILITY = YES_AGGRESSIVE;
				CLANG_WARN_UNREACHABLE_CODE = YES;
				CLANG_WARN__DUPLICATE_METHOD_MATCH = YES;
				COPY_PHASE_STRIP = NO;
				DEBUG_INFORMATION_FORMAT = "dwarf-with-dsym";
				ENABLE_NS_ASSERTIONS = NO;
				ENABLE_STRICT_OBJC_MSGSEND = YES;
				GCC_C_LANGUAGE_STANDARD = gnu11;
				GCC_NO_COMMON_BLOCKS = YES;
				GCC_WARN_64_TO_32_BIT_CONVERSION = YES;
				GCC_WARN_ABOUT_RETURN_TYPE = YES_ERROR;
				GCC_WARN_UNDECLARED_SELECTOR = YES;
				GCC_WARN_UNINITIALIZED_AUTOS = YES_AGGRESSIVE;
				GCC_WARN_UNUSED_FUNCTION = YES;
				GCC_WARN_UNUSED_VARIABLE = YES;
				IPHONEOS_DEPLOYMENT_TARGET = 13.5;
				MTL_ENABLE_DEBUG_INFO = NO;
				MTL_FAST_MATH = YES;
				SDKROOT = iphoneos;
				SWIFT_COMPILATION_MODE = wholemodule;
				SWIFT_OPTIMIZATION_LEVEL = "-O";
				VALIDATE_PRODUCT = YES;
			};
			name = Release;
		};
		890A8D33247E579800E434B1 /* Debug */ = {
			isa = XCBuildConfiguration;
			baseConfigurationReference = FB23503369DD8ED0E229F986 /* Pods-MyNewsApp.debug.xcconfig */;
			buildSettings = {
				ASSETCATALOG_COMPILER_APPICON_NAME = AppIcon;
				CODE_SIGN_STYLE = Automatic;
				DEVELOPMENT_TEAM = ADZFR5532X;
				INFOPLIST_FILE = MyNewsApp/Info.plist;
				LD_RUNPATH_SEARCH_PATHS = (
					"$(inherited)",
					"@executable_path/Frameworks",
				);
				PRODUCT_BUNDLE_IDENTIFIER = com.ryo7032.MyNewsApp;
				PRODUCT_NAME = "$(TARGET_NAME)";
				SWIFT_VERSION = 5.0;
				TARGETED_DEVICE_FAMILY = 1;
			};
			name = Debug;
		};
		890A8D34247E579800E434B1 /* Release */ = {
			isa = XCBuildConfiguration;
			baseConfigurationReference = 7E022F3B01933B7C2091A061 /* Pods-MyNewsApp.release.xcconfig */;
			buildSettings = {
				ASSETCATALOG_COMPILER_APPICON_NAME = AppIcon;
				CODE_SIGN_STYLE = Automatic;
				DEVELOPMENT_TEAM = ADZFR5532X;
				INFOPLIST_FILE = MyNewsApp/Info.plist;
				LD_RUNPATH_SEARCH_PATHS = (
					"$(inherited)",
					"@executable_path/Frameworks",
				);
				PRODUCT_BUNDLE_IDENTIFIER = com.ryo7032.MyNewsApp;
				PRODUCT_NAME = "$(TARGET_NAME)";
				SWIFT_VERSION = 5.0;
				TARGETED_DEVICE_FAMILY = 1;
			};
			name = Release;
		};
		890A8D36247E579800E434B1 /* Debug */ = {
			isa = XCBuildConfiguration;
			baseConfigurationReference = FC18791333EBA516E8F0161E /* Pods-MyNewsAppTests.debug.xcconfig */;
			buildSettings = {
				ALWAYS_EMBED_SWIFT_STANDARD_LIBRARIES = YES;
				BUNDLE_LOADER = "$(TEST_HOST)";
				CODE_SIGN_STYLE = Automatic;
				DEVELOPMENT_TEAM = ADZFR5532X;
				INFOPLIST_FILE = MyNewsAppTests/Info.plist;
				IPHONEOS_DEPLOYMENT_TARGET = 13.5;
				LD_RUNPATH_SEARCH_PATHS = (
					"$(inherited)",
					"@executable_path/Frameworks",
					"@loader_path/Frameworks",
				);
				PRODUCT_BUNDLE_IDENTIFIER = com.ryo7032.MyNewsAppTests;
				PRODUCT_NAME = "$(TARGET_NAME)";
				SWIFT_VERSION = 5.0;
				TARGETED_DEVICE_FAMILY = "1,2";
				TEST_HOST = "$(BUILT_PRODUCTS_DIR)/MyNewsApp.app/MyNewsApp";
			};
			name = Debug;
		};
		890A8D37247E579800E434B1 /* Release */ = {
			isa = XCBuildConfiguration;
			baseConfigurationReference = FA5E0FC8D593610B156D7593 /* Pods-MyNewsAppTests.release.xcconfig */;
			buildSettings = {
				ALWAYS_EMBED_SWIFT_STANDARD_LIBRARIES = YES;
				BUNDLE_LOADER = "$(TEST_HOST)";
				CODE_SIGN_STYLE = Automatic;
				DEVELOPMENT_TEAM = ADZFR5532X;
				INFOPLIST_FILE = MyNewsAppTests/Info.plist;
				IPHONEOS_DEPLOYMENT_TARGET = 13.5;
				LD_RUNPATH_SEARCH_PATHS = (
					"$(inherited)",
					"@executable_path/Frameworks",
					"@loader_path/Frameworks",
				);
				PRODUCT_BUNDLE_IDENTIFIER = com.ryo7032.MyNewsAppTests;
				PRODUCT_NAME = "$(TARGET_NAME)";
				SWIFT_VERSION = 5.0;
				TARGETED_DEVICE_FAMILY = "1,2";
				TEST_HOST = "$(BUILT_PRODUCTS_DIR)/MyNewsApp.app/MyNewsApp";
			};
			name = Release;
		};
		890A8D39247E579800E434B1 /* Debug */ = {
			isa = XCBuildConfiguration;
			baseConfigurationReference = 497F5814AD0600D72AB0599E /* Pods-MyNewsApp-MyNewsAppUITests.debug.xcconfig */;
			buildSettings = {
				ALWAYS_EMBED_SWIFT_STANDARD_LIBRARIES = YES;
				CODE_SIGN_STYLE = Automatic;
				DEVELOPMENT_TEAM = ADZFR5532X;
				INFOPLIST_FILE = MyNewsAppUITests/Info.plist;
				LD_RUNPATH_SEARCH_PATHS = (
					"$(inherited)",
					"@executable_path/Frameworks",
					"@loader_path/Frameworks",
				);
				PRODUCT_BUNDLE_IDENTIFIER = com.ryo7032.MyNewsAppUITests;
				PRODUCT_NAME = "$(TARGET_NAME)";
				SWIFT_VERSION = 5.0;
				TARGETED_DEVICE_FAMILY = "1,2";
				TEST_TARGET_NAME = MyNewsApp;
			};
			name = Debug;
		};
		890A8D3A247E579800E434B1 /* Release */ = {
			isa = XCBuildConfiguration;
			baseConfigurationReference = 10D67D7C406791F54512CCA3 /* Pods-MyNewsApp-MyNewsAppUITests.release.xcconfig */;
			buildSettings = {
				ALWAYS_EMBED_SWIFT_STANDARD_LIBRARIES = YES;
				CODE_SIGN_STYLE = Automatic;
				DEVELOPMENT_TEAM = ADZFR5532X;
				INFOPLIST_FILE = MyNewsAppUITests/Info.plist;
				LD_RUNPATH_SEARCH_PATHS = (
					"$(inherited)",
					"@executable_path/Frameworks",
					"@loader_path/Frameworks",
				);
				PRODUCT_BUNDLE_IDENTIFIER = com.ryo7032.MyNewsAppUITests;
				PRODUCT_NAME = "$(TARGET_NAME)";
				SWIFT_VERSION = 5.0;
				TARGETED_DEVICE_FAMILY = "1,2";
				TEST_TARGET_NAME = MyNewsApp;
			};
			name = Release;
		};
/* End XCBuildConfiguration section */

/* Begin XCConfigurationList section */
		890A8D03247E579500E434B1 /* Build configuration list for PBXProject "MyNewsApp" */ = {
			isa = XCConfigurationList;
			buildConfigurations = (
				890A8D30247E579800E434B1 /* Debug */,
				890A8D31247E579800E434B1 /* Release */,
			);
			defaultConfigurationIsVisible = 0;
			defaultConfigurationName = Release;
		};
		890A8D32247E579800E434B1 /* Build configuration list for PBXNativeTarget "MyNewsApp" */ = {
			isa = XCConfigurationList;
			buildConfigurations = (
				890A8D33247E579800E434B1 /* Debug */,
				890A8D34247E579800E434B1 /* Release */,
			);
			defaultConfigurationIsVisible = 0;
			defaultConfigurationName = Release;
		};
		890A8D35247E579800E434B1 /* Build configuration list for PBXNativeTarget "MyNewsAppTests" */ = {
			isa = XCConfigurationList;
			buildConfigurations = (
				890A8D36247E579800E434B1 /* Debug */,
				890A8D37247E579800E434B1 /* Release */,
			);
			defaultConfigurationIsVisible = 0;
			defaultConfigurationName = Release;
		};
		890A8D38247E579800E434B1 /* Build configuration list for PBXNativeTarget "MyNewsAppUITests" */ = {
			isa = XCConfigurationList;
			buildConfigurations = (
				890A8D39247E579800E434B1 /* Debug */,
				890A8D3A247E579800E434B1 /* Release */,
			);
			defaultConfigurationIsVisible = 0;
			defaultConfigurationName = Release;
		};
/* End XCConfigurationList section */
	};
	rootObject = 890A8D00247E579500E434B1 /* Project object */;
}
